// !$*UTF8*$!
{
	archiveVersion = 1;
	classes = {
	};
	objectVersion = 51;
	objects = {

/* Begin PBXBuildFile section */
		2248AAB06ACE265D0FB8F495 /* Pods_NewsAppUITests.framework in Frameworks */ = {isa = PBXBuildFile; fileRef = A2201D10D115A7F734F3B3C9 /* Pods_NewsAppUITests.framework */; };
		88A198ECDE380D61D5950C62 /* Pods_NewsApp.framework in Frameworks */ = {isa = PBXBuildFile; fileRef = CECB390AC28F6A5971A085D8 /* Pods_NewsApp.framework */; };
		B8993E5126721E6800A7AFD8 /* LoginViewController.swift in Sources */ = {isa = PBXBuildFile; fileRef = B8993E4F26721E6800A7AFD8 /* LoginViewController.swift */; };
		B8993E5226721E6800A7AFD8 /* LoginViewController.xib in Resources */ = {isa = PBXBuildFile; fileRef = B8993E5026721E6800A7AFD8 /* LoginViewController.xib */; };
		B8993E5426721ED800A7AFD8 /* LoginInteractor.swift in Sources */ = {isa = PBXBuildFile; fileRef = B8993E5326721ED800A7AFD8 /* LoginInteractor.swift */; };
		B8993E5626721EEE00A7AFD8 /* LoginPresenter.swift in Sources */ = {isa = PBXBuildFile; fileRef = B8993E5526721EEE00A7AFD8 /* LoginPresenter.swift */; };
		B8993E5826721FAF00A7AFD8 /* LoginContract.swift in Sources */ = {isa = PBXBuildFile; fileRef = B8993E5726721FAF00A7AFD8 /* LoginContract.swift */; };
		B8993E5A2672200100A7AFD8 /* LoginWireframe.swift in Sources */ = {isa = PBXBuildFile; fileRef = B8993E592672200100A7AFD8 /* LoginWireframe.swift */; };
		B8993E5D2676EFCB00A7AFD8 /* Rule.swift in Sources */ = {isa = PBXBuildFile; fileRef = B8993E5C2676EFCB00A7AFD8 /* Rule.swift */; };
		B8993E5F2676F01700A7AFD8 /* RequiredRule.swift in Sources */ = {isa = PBXBuildFile; fileRef = B8993E5E2676F01700A7AFD8 /* RequiredRule.swift */; };
		B8993E612676F10900A7AFD8 /* MinimumLengthRule.swift in Sources */ = {isa = PBXBuildFile; fileRef = B8993E602676F10900A7AFD8 /* MinimumLengthRule.swift */; };
		B8993E632676F1CB00A7AFD8 /* EmailRule.swift in Sources */ = {isa = PBXBuildFile; fileRef = B8993E622676F1CB00A7AFD8 /* EmailRule.swift */; };
		B8993E652676F1E400A7AFD8 /* PasswordRule.swift in Sources */ = {isa = PBXBuildFile; fileRef = B8993E642676F1E400A7AFD8 /* PasswordRule.swift */; };
		B8993E682676F56000A7AFD8 /* FieldValidateable.swift in Sources */ = {isa = PBXBuildFile; fileRef = B8993E672676F56000A7AFD8 /* FieldValidateable.swift */; };
		B8993E6C26772B9200A7AFD8 /* NewsRouter.swift in Sources */ = {isa = PBXBuildFile; fileRef = B8993E6B26772B9200A7AFD8 /* NewsRouter.swift */; };
		B8993E6F26773B8100A7AFD8 /* LoginPresenterTest.swift in Sources */ = {isa = PBXBuildFile; fileRef = B8993E6E26773B8100A7AFD8 /* LoginPresenterTest.swift */; };
		B8E9054F2689E0B700E06D9C /* StringUtlis.swift in Sources */ = {isa = PBXBuildFile; fileRef = B8E9054E2689E0B700E06D9C /* StringUtlis.swift */; };
		B8E905522689E3E700E06D9C /* Localizable.strings in Resources */ = {isa = PBXBuildFile; fileRef = B8E905542689E3E700E06D9C /* Localizable.strings */; };
		D00A273A267094DD0015D59D /* HomeViewController.swift in Sources */ = {isa = PBXBuildFile; fileRef = D00A2738267094DC0015D59D /* HomeViewController.swift */; };
		D00A273B267094DD0015D59D /* HomeViewController.xib in Resources */ = {isa = PBXBuildFile; fileRef = D00A2739267094DC0015D59D /* HomeViewController.xib */; };
		D04A23C0266E1507004DFC15 /* NewsDetailContract.swift in Sources */ = {isa = PBXBuildFile; fileRef = D04A23BF266E1507004DFC15 /* NewsDetailContract.swift */; };
		D04A23C2266E151B004DFC15 /* NewsDetailRouter.swift in Sources */ = {isa = PBXBuildFile; fileRef = D04A23C1266E151B004DFC15 /* NewsDetailRouter.swift */; };
		D04A23C4266E1533004DFC15 /* NewsDetailPresenter.swift in Sources */ = {isa = PBXBuildFile; fileRef = D04A23C3266E1533004DFC15 /* NewsDetailPresenter.swift */; };
		D04A23C6266F292F004DFC15 /* NewsDetailInteractor.swift in Sources */ = {isa = PBXBuildFile; fileRef = D04A23C5266F292E004DFC15 /* NewsDetailInteractor.swift */; };
		D04A23CA26707FD9004DFC15 /* TabViewController.swift in Sources */ = {isa = PBXBuildFile; fileRef = D04A23C826707FD8004DFC15 /* TabViewController.swift */; };
		D04A23CB26707FD9004DFC15 /* TabViewController.xib in Resources */ = {isa = PBXBuildFile; fileRef = D04A23C926707FD8004DFC15 /* TabViewController.xib */; };
		D04A994625FE0E3D000822EF /* AppDelegate.swift in Sources */ = {isa = PBXBuildFile; fileRef = D04A994525FE0E3D000822EF /* AppDelegate.swift */; };
		D04A994825FE0E3D000822EF /* SceneDelegate.swift in Sources */ = {isa = PBXBuildFile; fileRef = D04A994725FE0E3D000822EF /* SceneDelegate.swift */; };
		D04A994F25FE0E3E000822EF /* Assets.xcassets in Resources */ = {isa = PBXBuildFile; fileRef = D04A994E25FE0E3E000822EF /* Assets.xcassets */; };
		D04A995225FE0E3E000822EF /* LaunchScreen.storyboard in Resources */ = {isa = PBXBuildFile; fileRef = D04A995025FE0E3E000822EF /* LaunchScreen.storyboard */; };
		D04A995D25FE0E3E000822EF /* NewsAppTests.swift in Sources */ = {isa = PBXBuildFile; fileRef = D04A995C25FE0E3E000822EF /* NewsAppTests.swift */; };
		D04A996825FE0E3E000822EF /* NewsAppUITests.swift in Sources */ = {isa = PBXBuildFile; fileRef = D04A996725FE0E3E000822EF /* NewsAppUITests.swift */; };
		D04A998225FE10C4000822EF /* NewsListTableViewCell.swift in Sources */ = {isa = PBXBuildFile; fileRef = D04A998025FE10C4000822EF /* NewsListTableViewCell.swift */; };
		D04A998325FE10C4000822EF /* NewsListTableViewCell.xib in Resources */ = {isa = PBXBuildFile; fileRef = D04A998125FE10C4000822EF /* NewsListTableViewCell.xib */; };
		D04B023B26676BCF00660087 /* AlertUtils.swift in Sources */ = {isa = PBXBuildFile; fileRef = D04B023A26676BCF00660087 /* AlertUtils.swift */; };
		D04B02412668932600660087 /* HomeInteractorTest.swift in Sources */ = {isa = PBXBuildFile; fileRef = D04B02402668932600660087 /* HomeInteractorTest.swift */; };
		D04B02432668A28000660087 /* HomePresenterTest.swift in Sources */ = {isa = PBXBuildFile; fileRef = D04B02422668A28000660087 /* HomePresenterTest.swift */; };
		D04B02452669405C00660087 /* HomeRouterTest.swift in Sources */ = {isa = PBXBuildFile; fileRef = D04B02442669405C00660087 /* HomeRouterTest.swift */; };
		D074EFE025FE11AD009B96E8 /* News.swift in Sources */ = {isa = PBXBuildFile; fileRef = D074EFDF25FE11AD009B96E8 /* News.swift */; };
		D074EFE525FE1638009B96E8 /* NewsViewModel.swift in Sources */ = {isa = PBXBuildFile; fileRef = D074EFE425FE1638009B96E8 /* NewsViewModel.swift */; };
		D074EFEC25FE177F009B96E8 /* NewsDetailViewController.swift in Sources */ = {isa = PBXBuildFile; fileRef = D074EFEA25FE177F009B96E8 /* NewsDetailViewController.swift */; };
		D074EFED25FE177F009B96E8 /* NewsDetailViewController.xib in Resources */ = {isa = PBXBuildFile; fileRef = D074EFEB25FE177F009B96E8 /* NewsDetailViewController.xib */; };
		D09FB13926640B3C00A923FC /* HomeContract.swift in Sources */ = {isa = PBXBuildFile; fileRef = D09FB13826640B3C00A923FC /* HomeContract.swift */; };
		D09FB13B26648D1600A923FC /* HomeRouter.swift in Sources */ = {isa = PBXBuildFile; fileRef = D09FB13A26648D1500A923FC /* HomeRouter.swift */; };
		D09FB13D26648D2500A923FC /* HomePresenter.swift in Sources */ = {isa = PBXBuildFile; fileRef = D09FB13C26648D2500A923FC /* HomePresenter.swift */; };
		D09FB13F26648D3100A923FC /* HomeInteractor.swift in Sources */ = {isa = PBXBuildFile; fileRef = D09FB13E26648D3100A923FC /* HomeInteractor.swift */; };
		D0C279D425FE379600F33BFD /* ApiKey.swift in Sources */ = {isa = PBXBuildFile; fileRef = D0C279D325FE379600F33BFD /* ApiKey.swift */; };
		D0C279DC25FE38D400F33BFD /* NewsServices.swift in Sources */ = {isa = PBXBuildFile; fileRef = D0C279DB25FE38D400F33BFD /* NewsServices.swift */; };
		D0C279E225FE396600F33BFD /* NewsRoutes.swift in Sources */ = {isa = PBXBuildFile; fileRef = D0C279E125FE396600F33BFD /* NewsRoutes.swift */; };
		D0C27A2425FE64F100F33BFD /* LocaleString.swift in Sources */ = {isa = PBXBuildFile; fileRef = D0C27A2325FE64F100F33BFD /* LocaleString.swift */; };
		D0C27A3825FE757600F33BFD /* NewsDetailCollectionViewCell.swift in Sources */ = {isa = PBXBuildFile; fileRef = D0C27A3625FE757600F33BFD /* NewsDetailCollectionViewCell.swift */; };
		D0C27A3925FE757600F33BFD /* NewsDetailCollectionViewCell.xib in Resources */ = {isa = PBXBuildFile; fileRef = D0C27A3725FE757600F33BFD /* NewsDetailCollectionViewCell.xib */; };
		D0C27A3E25FE7CD300F33BFD /* NewsDetailViewModel.swift in Sources */ = {isa = PBXBuildFile; fileRef = D0C27A3D25FE7CD300F33BFD /* NewsDetailViewModel.swift */; };
		D0C27ADE25FF8F9700F33BFD /* ButtonUtils.swift in Sources */ = {isa = PBXBuildFile; fileRef = D0C27ADD25FF8F9600F33BFD /* ButtonUtils.swift */; };
		D0C27AE325FFA29D00F33BFD /* UserDefaultUtils.swift in Sources */ = {isa = PBXBuildFile; fileRef = D0C27AE225FFA29D00F33BFD /* UserDefaultUtils.swift */; };
		D0C5741225FFBFFA00FE3BB6 /* FavoriteViewController.swift in Sources */ = {isa = PBXBuildFile; fileRef = D0C5741025FFBFFA00FE3BB6 /* FavoriteViewController.swift */; };
		D0C5741325FFBFFA00FE3BB6 /* FavoriteViewController.xib in Resources */ = {isa = PBXBuildFile; fileRef = D0C5741125FFBFFA00FE3BB6 /* FavoriteViewController.xib */; };
		E6F9A666BC736B57E28CC42B /* Pods_NewsAppTests.framework in Frameworks */ = {isa = PBXBuildFile; fileRef = F3479679CBA350359673F770 /* Pods_NewsAppTests.framework */; };
/* End PBXBuildFile section */

/* Begin PBXContainerItemProxy section */
		D04A995925FE0E3E000822EF /* PBXContainerItemProxy */ = {
			isa = PBXContainerItemProxy;
			containerPortal = D04A993A25FE0E3D000822EF /* Project object */;
			proxyType = 1;
			remoteGlobalIDString = D04A994125FE0E3D000822EF;
			remoteInfo = NewsApp;
		};
		D04A996425FE0E3E000822EF /* PBXContainerItemProxy */ = {
			isa = PBXContainerItemProxy;
			containerPortal = D04A993A25FE0E3D000822EF /* Project object */;
			proxyType = 1;
			remoteGlobalIDString = D04A994125FE0E3D000822EF;
			remoteInfo = NewsApp;
		};
/* End PBXContainerItemProxy section */

/* Begin PBXFileReference section */
		1388B66722C414444CF06AD1 /* Pods-NewsApp.debug.xcconfig */ = {isa = PBXFileReference; includeInIndex = 1; lastKnownFileType = text.xcconfig; name = "Pods-NewsApp.debug.xcconfig"; path = "Target Support Files/Pods-NewsApp/Pods-NewsApp.debug.xcconfig"; sourceTree = "<group>"; };
		46C96411277188FCF1CED671 /* Pods-NewsApp-NewsAppUITests.release.xcconfig */ = {isa = PBXFileReference; includeInIndex = 1; lastKnownFileType = text.xcconfig; name = "Pods-NewsApp-NewsAppUITests.release.xcconfig"; path = "Target Support Files/Pods-NewsApp-NewsAppUITests/Pods-NewsApp-NewsAppUITests.release.xcconfig"; sourceTree = "<group>"; };
		658D26B454379B037041AD55 /* Pods-NewsAppTests.release.xcconfig */ = {isa = PBXFileReference; includeInIndex = 1; lastKnownFileType = text.xcconfig; name = "Pods-NewsAppTests.release.xcconfig"; path = "Target Support Files/Pods-NewsAppTests/Pods-NewsAppTests.release.xcconfig"; sourceTree = "<group>"; };
		68F8B5B9038A805564211A16 /* Pods-NewsApp.release.xcconfig */ = {isa = PBXFileReference; includeInIndex = 1; lastKnownFileType = text.xcconfig; name = "Pods-NewsApp.release.xcconfig"; path = "Target Support Files/Pods-NewsApp/Pods-NewsApp.release.xcconfig"; sourceTree = "<group>"; };
		A2201D10D115A7F734F3B3C9 /* Pods_NewsAppUITests.framework */ = {isa = PBXFileReference; explicitFileType = wrapper.framework; includeInIndex = 0; path = Pods_NewsAppUITests.framework; sourceTree = BUILT_PRODUCTS_DIR; };
		B5AFE13E8BA6624F32E782BD /* Pods-NewsAppUITests.debug.xcconfig */ = {isa = PBXFileReference; includeInIndex = 1; lastKnownFileType = text.xcconfig; name = "Pods-NewsAppUITests.debug.xcconfig"; path = "Target Support Files/Pods-NewsAppUITests/Pods-NewsAppUITests.debug.xcconfig"; sourceTree = "<group>"; };
		B8993E4F26721E6800A7AFD8 /* LoginViewController.swift */ = {isa = PBXFileReference; lastKnownFileType = sourcecode.swift; path = LoginViewController.swift; sourceTree = "<group>"; };
		B8993E5026721E6800A7AFD8 /* LoginViewController.xib */ = {isa = PBXFileReference; lastKnownFileType = file.xib; path = LoginViewController.xib; sourceTree = "<group>"; };
		B8993E5326721ED800A7AFD8 /* LoginInteractor.swift */ = {isa = PBXFileReference; lastKnownFileType = sourcecode.swift; path = LoginInteractor.swift; sourceTree = "<group>"; };
		B8993E5526721EEE00A7AFD8 /* LoginPresenter.swift */ = {isa = PBXFileReference; lastKnownFileType = sourcecode.swift; path = LoginPresenter.swift; sourceTree = "<group>"; };
		B8993E5726721FAF00A7AFD8 /* LoginContract.swift */ = {isa = PBXFileReference; lastKnownFileType = sourcecode.swift; path = LoginContract.swift; sourceTree = "<group>"; };
		B8993E592672200100A7AFD8 /* LoginWireframe.swift */ = {isa = PBXFileReference; lastKnownFileType = sourcecode.swift; path = LoginWireframe.swift; sourceTree = "<group>"; };
		B8993E5C2676EFCB00A7AFD8 /* Rule.swift */ = {isa = PBXFileReference; lastKnownFileType = sourcecode.swift; path = Rule.swift; sourceTree = "<group>"; };
		B8993E5E2676F01700A7AFD8 /* RequiredRule.swift */ = {isa = PBXFileReference; lastKnownFileType = sourcecode.swift; path = RequiredRule.swift; sourceTree = "<group>"; };
		B8993E602676F10900A7AFD8 /* MinimumLengthRule.swift */ = {isa = PBXFileReference; lastKnownFileType = sourcecode.swift; path = MinimumLengthRule.swift; sourceTree = "<group>"; };
		B8993E622676F1CB00A7AFD8 /* EmailRule.swift */ = {isa = PBXFileReference; lastKnownFileType = sourcecode.swift; path = EmailRule.swift; sourceTree = "<group>"; };
		B8993E642676F1E400A7AFD8 /* PasswordRule.swift */ = {isa = PBXFileReference; lastKnownFileType = sourcecode.swift; path = PasswordRule.swift; sourceTree = "<group>"; };
		B8993E672676F56000A7AFD8 /* FieldValidateable.swift */ = {isa = PBXFileReference; lastKnownFileType = sourcecode.swift; path = FieldValidateable.swift; sourceTree = "<group>"; };
		B8993E6B26772B9200A7AFD8 /* NewsRouter.swift */ = {isa = PBXFileReference; lastKnownFileType = sourcecode.swift; path = NewsRouter.swift; sourceTree = "<group>"; };
		B8993E6E26773B8100A7AFD8 /* LoginPresenterTest.swift */ = {isa = PBXFileReference; lastKnownFileType = sourcecode.swift; path = LoginPresenterTest.swift; sourceTree = "<group>"; };
		B8E9054E2689E0B700E06D9C /* StringUtlis.swift */ = {isa = PBXFileReference; lastKnownFileType = sourcecode.swift; path = StringUtlis.swift; sourceTree = "<group>"; };
		B8E905532689E3E700E06D9C /* en */ = {isa = PBXFileReference; lastKnownFileType = text.plist.strings; name = en; path = en.lproj/Localizable.strings; sourceTree = "<group>"; };
		B8E905552689E42B00E06D9C /* id */ = {isa = PBXFileReference; lastKnownFileType = text.plist.strings; name = id; path = id.lproj/Localizable.strings; sourceTree = "<group>"; };
		C05938C1310513A3485781C0 /* Pods-NewsAppUITests.release.xcconfig */ = {isa = PBXFileReference; includeInIndex = 1; lastKnownFileType = text.xcconfig; name = "Pods-NewsAppUITests.release.xcconfig"; path = "Target Support Files/Pods-NewsAppUITests/Pods-NewsAppUITests.release.xcconfig"; sourceTree = "<group>"; };
		CECB390AC28F6A5971A085D8 /* Pods_NewsApp.framework */ = {isa = PBXFileReference; explicitFileType = wrapper.framework; includeInIndex = 0; path = Pods_NewsApp.framework; sourceTree = BUILT_PRODUCTS_DIR; };
		D00A2738267094DC0015D59D /* HomeViewController.swift */ = {isa = PBXFileReference; lastKnownFileType = sourcecode.swift; path = HomeViewController.swift; sourceTree = "<group>"; };
		D00A2739267094DC0015D59D /* HomeViewController.xib */ = {isa = PBXFileReference; lastKnownFileType = file.xib; path = HomeViewController.xib; sourceTree = "<group>"; };
		D04A23BF266E1507004DFC15 /* NewsDetailContract.swift */ = {isa = PBXFileReference; lastKnownFileType = sourcecode.swift; path = NewsDetailContract.swift; sourceTree = "<group>"; };
		D04A23C1266E151B004DFC15 /* NewsDetailRouter.swift */ = {isa = PBXFileReference; lastKnownFileType = sourcecode.swift; path = NewsDetailRouter.swift; sourceTree = "<group>"; };
		D04A23C3266E1533004DFC15 /* NewsDetailPresenter.swift */ = {isa = PBXFileReference; lastKnownFileType = sourcecode.swift; path = NewsDetailPresenter.swift; sourceTree = "<group>"; };
		D04A23C5266F292E004DFC15 /* NewsDetailInteractor.swift */ = {isa = PBXFileReference; lastKnownFileType = sourcecode.swift; path = NewsDetailInteractor.swift; sourceTree = "<group>"; };
		D04A23C826707FD8004DFC15 /* TabViewController.swift */ = {isa = PBXFileReference; lastKnownFileType = sourcecode.swift; path = TabViewController.swift; sourceTree = "<group>"; };
		D04A23C926707FD8004DFC15 /* TabViewController.xib */ = {isa = PBXFileReference; lastKnownFileType = file.xib; path = TabViewController.xib; sourceTree = "<group>"; };
		D04A994225FE0E3D000822EF /* NewsApp.app */ = {isa = PBXFileReference; explicitFileType = wrapper.application; includeInIndex = 0; path = NewsApp.app; sourceTree = BUILT_PRODUCTS_DIR; };
		D04A994525FE0E3D000822EF /* AppDelegate.swift */ = {isa = PBXFileReference; lastKnownFileType = sourcecode.swift; path = AppDelegate.swift; sourceTree = "<group>"; };
		D04A994725FE0E3D000822EF /* SceneDelegate.swift */ = {isa = PBXFileReference; lastKnownFileType = sourcecode.swift; path = SceneDelegate.swift; sourceTree = "<group>"; };
		D04A994E25FE0E3E000822EF /* Assets.xcassets */ = {isa = PBXFileReference; lastKnownFileType = folder.assetcatalog; path = Assets.xcassets; sourceTree = "<group>"; };
		D04A995125FE0E3E000822EF /* Base */ = {isa = PBXFileReference; lastKnownFileType = file.storyboard; name = Base; path = Base.lproj/LaunchScreen.storyboard; sourceTree = "<group>"; };
		D04A995325FE0E3E000822EF /* Info.plist */ = {isa = PBXFileReference; lastKnownFileType = text.plist.xml; path = Info.plist; sourceTree = "<group>"; };
		D04A995825FE0E3E000822EF /* NewsAppTests.xctest */ = {isa = PBXFileReference; explicitFileType = wrapper.cfbundle; includeInIndex = 0; path = NewsAppTests.xctest; sourceTree = BUILT_PRODUCTS_DIR; };
		D04A995C25FE0E3E000822EF /* NewsAppTests.swift */ = {isa = PBXFileReference; lastKnownFileType = sourcecode.swift; path = NewsAppTests.swift; sourceTree = "<group>"; };
		D04A995E25FE0E3E000822EF /* Info.plist */ = {isa = PBXFileReference; lastKnownFileType = text.plist.xml; path = Info.plist; sourceTree = "<group>"; };
		D04A996325FE0E3E000822EF /* NewsAppUITests.xctest */ = {isa = PBXFileReference; explicitFileType = wrapper.cfbundle; includeInIndex = 0; path = NewsAppUITests.xctest; sourceTree = BUILT_PRODUCTS_DIR; };
		D04A996725FE0E3E000822EF /* NewsAppUITests.swift */ = {isa = PBXFileReference; lastKnownFileType = sourcecode.swift; path = NewsAppUITests.swift; sourceTree = "<group>"; };
		D04A996925FE0E3E000822EF /* Info.plist */ = {isa = PBXFileReference; lastKnownFileType = text.plist.xml; path = Info.plist; sourceTree = "<group>"; };
		D04A998025FE10C4000822EF /* NewsListTableViewCell.swift */ = {isa = PBXFileReference; lastKnownFileType = sourcecode.swift; path = NewsListTableViewCell.swift; sourceTree = "<group>"; };
		D04A998125FE10C4000822EF /* NewsListTableViewCell.xib */ = {isa = PBXFileReference; lastKnownFileType = file.xib; path = NewsListTableViewCell.xib; sourceTree = "<group>"; };
		D04B023A26676BCF00660087 /* AlertUtils.swift */ = {isa = PBXFileReference; lastKnownFileType = sourcecode.swift; path = AlertUtils.swift; sourceTree = "<group>"; };
		D04B02402668932600660087 /* HomeInteractorTest.swift */ = {isa = PBXFileReference; lastKnownFileType = sourcecode.swift; path = HomeInteractorTest.swift; sourceTree = "<group>"; };
		D04B02422668A28000660087 /* HomePresenterTest.swift */ = {isa = PBXFileReference; lastKnownFileType = sourcecode.swift; path = HomePresenterTest.swift; sourceTree = "<group>"; };
		D04B02442669405C00660087 /* HomeRouterTest.swift */ = {isa = PBXFileReference; lastKnownFileType = sourcecode.swift; path = HomeRouterTest.swift; sourceTree = "<group>"; };
		D074EFDF25FE11AD009B96E8 /* News.swift */ = {isa = PBXFileReference; lastKnownFileType = sourcecode.swift; path = News.swift; sourceTree = "<group>"; };
		D074EFE425FE1638009B96E8 /* NewsViewModel.swift */ = {isa = PBXFileReference; lastKnownFileType = sourcecode.swift; path = NewsViewModel.swift; sourceTree = "<group>"; };
		D074EFEA25FE177F009B96E8 /* NewsDetailViewController.swift */ = {isa = PBXFileReference; lastKnownFileType = sourcecode.swift; path = NewsDetailViewController.swift; sourceTree = "<group>"; };
		D074EFEB25FE177F009B96E8 /* NewsDetailViewController.xib */ = {isa = PBXFileReference; lastKnownFileType = file.xib; path = NewsDetailViewController.xib; sourceTree = "<group>"; };
		D09FB13826640B3C00A923FC /* HomeContract.swift */ = {isa = PBXFileReference; lastKnownFileType = sourcecode.swift; path = HomeContract.swift; sourceTree = "<group>"; };
		D09FB13A26648D1500A923FC /* HomeRouter.swift */ = {isa = PBXFileReference; lastKnownFileType = sourcecode.swift; path = HomeRouter.swift; sourceTree = "<group>"; };
		D09FB13C26648D2500A923FC /* HomePresenter.swift */ = {isa = PBXFileReference; lastKnownFileType = sourcecode.swift; path = HomePresenter.swift; sourceTree = "<group>"; };
		D09FB13E26648D3100A923FC /* HomeInteractor.swift */ = {isa = PBXFileReference; lastKnownFileType = sourcecode.swift; path = HomeInteractor.swift; sourceTree = "<group>"; };
		D0C279CB25FE35D100F33BFD /* Config.xcconfig */ = {isa = PBXFileReference; lastKnownFileType = text.xcconfig; path = Config.xcconfig; sourceTree = "<group>"; };
		D0C279D325FE379600F33BFD /* ApiKey.swift */ = {isa = PBXFileReference; lastKnownFileType = sourcecode.swift; path = ApiKey.swift; sourceTree = "<group>"; };
		D0C279DB25FE38D400F33BFD /* NewsServices.swift */ = {isa = PBXFileReference; lastKnownFileType = sourcecode.swift; path = NewsServices.swift; sourceTree = "<group>"; };
		D0C279E125FE396600F33BFD /* NewsRoutes.swift */ = {isa = PBXFileReference; lastKnownFileType = sourcecode.swift; path = NewsRoutes.swift; sourceTree = "<group>"; };
		D0C27A2325FE64F100F33BFD /* LocaleString.swift */ = {isa = PBXFileReference; lastKnownFileType = sourcecode.swift; path = LocaleString.swift; sourceTree = "<group>"; };
		D0C27A3625FE757600F33BFD /* NewsDetailCollectionViewCell.swift */ = {isa = PBXFileReference; lastKnownFileType = sourcecode.swift; path = NewsDetailCollectionViewCell.swift; sourceTree = "<group>"; };
		D0C27A3725FE757600F33BFD /* NewsDetailCollectionViewCell.xib */ = {isa = PBXFileReference; lastKnownFileType = file.xib; path = NewsDetailCollectionViewCell.xib; sourceTree = "<group>"; };
		D0C27A3D25FE7CD300F33BFD /* NewsDetailViewModel.swift */ = {isa = PBXFileReference; lastKnownFileType = sourcecode.swift; path = NewsDetailViewModel.swift; sourceTree = "<group>"; };
		D0C27ADD25FF8F9600F33BFD /* ButtonUtils.swift */ = {isa = PBXFileReference; lastKnownFileType = sourcecode.swift; path = ButtonUtils.swift; sourceTree = "<group>"; };
		D0C27AE225FFA29D00F33BFD /* UserDefaultUtils.swift */ = {isa = PBXFileReference; lastKnownFileType = sourcecode.swift; path = UserDefaultUtils.swift; sourceTree = "<group>"; };
		D0C5741025FFBFFA00FE3BB6 /* FavoriteViewController.swift */ = {isa = PBXFileReference; lastKnownFileType = sourcecode.swift; path = FavoriteViewController.swift; sourceTree = "<group>"; };
		D0C5741125FFBFFA00FE3BB6 /* FavoriteViewController.xib */ = {isa = PBXFileReference; lastKnownFileType = file.xib; path = FavoriteViewController.xib; sourceTree = "<group>"; };
		D5DBCE3538943D316B26A061 /* Pods-NewsApp-NewsAppUITests.debug.xcconfig */ = {isa = PBXFileReference; includeInIndex = 1; lastKnownFileType = text.xcconfig; name = "Pods-NewsApp-NewsAppUITests.debug.xcconfig"; path = "Target Support Files/Pods-NewsApp-NewsAppUITests/Pods-NewsApp-NewsAppUITests.debug.xcconfig"; sourceTree = "<group>"; };
		E68FD92019A7F0CA764AA2E9 /* Pods-NewsAppTests.debug.xcconfig */ = {isa = PBXFileReference; includeInIndex = 1; lastKnownFileType = text.xcconfig; name = "Pods-NewsAppTests.debug.xcconfig"; path = "Target Support Files/Pods-NewsAppTests/Pods-NewsAppTests.debug.xcconfig"; sourceTree = "<group>"; };
		F3479679CBA350359673F770 /* Pods_NewsAppTests.framework */ = {isa = PBXFileReference; explicitFileType = wrapper.framework; includeInIndex = 0; path = Pods_NewsAppTests.framework; sourceTree = BUILT_PRODUCTS_DIR; };
/* End PBXFileReference section */

/* Begin PBXFrameworksBuildPhase section */
		D04A993F25FE0E3D000822EF /* Frameworks */ = {
			isa = PBXFrameworksBuildPhase;
			buildActionMask = 2147483647;
			files = (
				88A198ECDE380D61D5950C62 /* Pods_NewsApp.framework in Frameworks */,
			);
			runOnlyForDeploymentPostprocessing = 0;
		};
		D04A995525FE0E3E000822EF /* Frameworks */ = {
			isa = PBXFrameworksBuildPhase;
			buildActionMask = 2147483647;
			files = (
				E6F9A666BC736B57E28CC42B /* Pods_NewsAppTests.framework in Frameworks */,
			);
			runOnlyForDeploymentPostprocessing = 0;
		};
		D04A996025FE0E3E000822EF /* Frameworks */ = {
			isa = PBXFrameworksBuildPhase;
			buildActionMask = 2147483647;
			files = (
				2248AAB06ACE265D0FB8F495 /* Pods_NewsAppUITests.framework in Frameworks */,
			);
			runOnlyForDeploymentPostprocessing = 0;
		};
/* End PBXFrameworksBuildPhase section */

/* Begin PBXGroup section */
		343B0DD54061F178CB5E092E /* Frameworks */ = {
			isa = PBXGroup;
			children = (
				CECB390AC28F6A5971A085D8 /* Pods_NewsApp.framework */,
				F3479679CBA350359673F770 /* Pods_NewsAppTests.framework */,
				A2201D10D115A7F734F3B3C9 /* Pods_NewsAppUITests.framework */,
			);
			name = Frameworks;
			sourceTree = "<group>";
		};
		B88C27B5267AE7370056320A /* Resource */ = {
			isa = PBXGroup;
			children = (
				D0C27A2325FE64F100F33BFD /* LocaleString.swift */,
			);
			path = Resource;
			sourceTree = "<group>";
		};
		B8993E4D26721DEC00A7AFD8 /* Login */ = {
			isa = PBXGroup;
			children = (
				B8993E4E26721E2200A7AFD8 /* View */,
				B8993E5326721ED800A7AFD8 /* LoginInteractor.swift */,
				B8993E5526721EEE00A7AFD8 /* LoginPresenter.swift */,
				B8993E5726721FAF00A7AFD8 /* LoginContract.swift */,
				B8993E592672200100A7AFD8 /* LoginWireframe.swift */,
			);
			path = Login;
			sourceTree = "<group>";
		};
		B8993E4E26721E2200A7AFD8 /* View */ = {
			isa = PBXGroup;
			children = (
				B8993E4F26721E6800A7AFD8 /* LoginViewController.swift */,
				B8993E5026721E6800A7AFD8 /* LoginViewController.xib */,
			);
			path = View;
			sourceTree = "<group>";
		};
		B8993E5B2676EF9700A7AFD8 /* FieldValidator */ = {
			isa = PBXGroup;
			children = (
				B8993E662676F50100A7AFD8 /* Rules */,
				B8993E672676F56000A7AFD8 /* FieldValidateable.swift */,
			);
			path = FieldValidator;
			sourceTree = "<group>";
		};
		B8993E662676F50100A7AFD8 /* Rules */ = {
			isa = PBXGroup;
			children = (
				B8993E5C2676EFCB00A7AFD8 /* Rule.swift */,
				B8993E5E2676F01700A7AFD8 /* RequiredRule.swift */,
				B8993E602676F10900A7AFD8 /* MinimumLengthRule.swift */,
				B8993E622676F1CB00A7AFD8 /* EmailRule.swift */,
				B8993E642676F1E400A7AFD8 /* PasswordRule.swift */,
			);
			path = Rules;
			sourceTree = "<group>";
		};
		B8993E6926772B2800A7AFD8 /* Core */ = {
			isa = PBXGroup;
			children = (
				B8993E6B26772B9200A7AFD8 /* NewsRouter.swift */,
			);
			path = Core;
			sourceTree = "<group>";
		};
		B8993E6D267735B200A7AFD8 /* LoginTests */ = {
			isa = PBXGroup;
			children = (
				B8993E6E26773B8100A7AFD8 /* LoginPresenterTest.swift */,
			);
			path = LoginTests;
			sourceTree = "<group>";
		};
		B9E43A830A15D5CA3B55B279 /* Pods */ = {
			isa = PBXGroup;
			children = (
				1388B66722C414444CF06AD1 /* Pods-NewsApp.debug.xcconfig */,
				68F8B5B9038A805564211A16 /* Pods-NewsApp.release.xcconfig */,
				D5DBCE3538943D316B26A061 /* Pods-NewsApp-NewsAppUITests.debug.xcconfig */,
				46C96411277188FCF1CED671 /* Pods-NewsApp-NewsAppUITests.release.xcconfig */,
				E68FD92019A7F0CA764AA2E9 /* Pods-NewsAppTests.debug.xcconfig */,
				658D26B454379B037041AD55 /* Pods-NewsAppTests.release.xcconfig */,
				B5AFE13E8BA6624F32E782BD /* Pods-NewsAppUITests.debug.xcconfig */,
				C05938C1310513A3485781C0 /* Pods-NewsAppUITests.release.xcconfig */,
			);
			path = Pods;
			sourceTree = "<group>";
		};
		D04A23C726707F70004DFC15 /* Tab */ = {
			isa = PBXGroup;
			children = (
				D04A23C826707FD8004DFC15 /* TabViewController.swift */,
				D04A23C926707FD8004DFC15 /* TabViewController.xib */,
			);
			path = Tab;
			sourceTree = "<group>";
		};
		D04A993925FE0E3D000822EF = {
			isa = PBXGroup;
			children = (
				D04A994425FE0E3D000822EF /* NewsApp */,
				D04A995B25FE0E3E000822EF /* NewsAppTests */,
				D04A996625FE0E3E000822EF /* NewsAppUITests */,
				D04A994325FE0E3D000822EF /* Products */,
				B9E43A830A15D5CA3B55B279 /* Pods */,
				343B0DD54061F178CB5E092E /* Frameworks */,
			);
			sourceTree = "<group>";
		};
		D04A994325FE0E3D000822EF /* Products */ = {
			isa = PBXGroup;
			children = (
				D04A994225FE0E3D000822EF /* NewsApp.app */,
				D04A995825FE0E3E000822EF /* NewsAppTests.xctest */,
				D04A996325FE0E3E000822EF /* NewsAppUITests.xctest */,
			);
			name = Products;
			sourceTree = "<group>";
		};
		D04A994425FE0E3D000822EF /* NewsApp */ = {
			isa = PBXGroup;
			children = (
				B88C27B5267AE7370056320A /* Resource */,
				D09FB129266114BC00A923FC /* Module */,
				B8993E6926772B2800A7AFD8 /* Core */,
				D0C279E025FE394C00F33BFD /* Routes */,
				D074EFDE25FE117F009B96E8 /* Services */,
				D0C279D225FE377D00F33BFD /* Utils */,
				D04A994525FE0E3D000822EF /* AppDelegate.swift */,
				D04A994725FE0E3D000822EF /* SceneDelegate.swift */,
				D04A994E25FE0E3E000822EF /* Assets.xcassets */,
				D04A995025FE0E3E000822EF /* LaunchScreen.storyboard */,
				D04A995325FE0E3E000822EF /* Info.plist */,
				D0C279CB25FE35D100F33BFD /* Config.xcconfig */,
				B8E905542689E3E700E06D9C /* Localizable.strings */,
			);
			path = NewsApp;
			sourceTree = "<group>";
		};
		D04A995B25FE0E3E000822EF /* NewsAppTests */ = {
			isa = PBXGroup;
			children = (
				B8993E6D267735B200A7AFD8 /* LoginTests */,
				D04B023D2668929A00660087 /* EntityTests */,
				D04B023C2668927700660087 /* HomeTests */,
				D04A995E25FE0E3E000822EF /* Info.plist */,
			);
			path = NewsAppTests;
			sourceTree = "<group>";
		};
		D04A996625FE0E3E000822EF /* NewsAppUITests */ = {
			isa = PBXGroup;
			children = (
				D04A996725FE0E3E000822EF /* NewsAppUITests.swift */,
				D04A996925FE0E3E000822EF /* Info.plist */,
			);
			path = NewsAppUITests;
			sourceTree = "<group>";
		};
		D04A997F25FE1093000822EF /* Cell */ = {
			isa = PBXGroup;
			children = (
				D04A998025FE10C4000822EF /* NewsListTableViewCell.swift */,
				D04A998125FE10C4000822EF /* NewsListTableViewCell.xib */,
			);
			path = Cell;
			sourceTree = "<group>";
		};
		D04B023C2668927700660087 /* HomeTests */ = {
			isa = PBXGroup;
			children = (
				D04B02402668932600660087 /* HomeInteractorTest.swift */,
				D04B02422668A28000660087 /* HomePresenterTest.swift */,
				D04B02442669405C00660087 /* HomeRouterTest.swift */,
			);
			path = HomeTests;
			sourceTree = "<group>";
		};
		D04B023D2668929A00660087 /* EntityTests */ = {
			isa = PBXGroup;
			children = (
				D04A995C25FE0E3E000822EF /* NewsAppTests.swift */,
			);
			path = EntityTests;
			sourceTree = "<group>";
		};
		D074EFDE25FE117F009B96E8 /* Services */ = {
			isa = PBXGroup;
			children = (
				D0C279DB25FE38D400F33BFD /* NewsServices.swift */,
			);
			path = Services;
			sourceTree = "<group>";
		};
		D09FB11F2661047D00A923FC /* Home */ = {
			isa = PBXGroup;
			children = (
				D09FB13726640B1700A923FC /* Contract */,
				D09FB12E266114F800A923FC /* Router */,
				D09FB12D266114F200A923FC /* Entities */,
				D09FB12C266114EB00A923FC /* Presenter */,
				D09FB12B266114E200A923FC /* Interactor */,
				D09FB12A266114DC00A923FC /* View */,
			);
			path = Home;
			sourceTree = "<group>";
		};
		D09FB120266104A400A923FC /* View */ = {
			isa = PBXGroup;
			children = (
				D0C27A2B25FE71CC00F33BFD /* Collection */,
				D074EFEA25FE177F009B96E8 /* NewsDetailViewController.swift */,
				D074EFEB25FE177F009B96E8 /* NewsDetailViewController.xib */,
			);
			path = View;
			sourceTree = "<group>";
		};
		D09FB121266104F300A923FC /* Interactor */ = {
			isa = PBXGroup;
			children = (
				D04A23C5266F292E004DFC15 /* NewsDetailInteractor.swift */,
			);
			path = Interactor;
			sourceTree = "<group>";
		};
		D09FB1222661050100A923FC /* Entities */ = {
			isa = PBXGroup;
			children = (
				D0C27A3D25FE7CD300F33BFD /* NewsDetailViewModel.swift */,
			);
			path = Entities;
			sourceTree = "<group>";
		};
		D09FB1232661050900A923FC /* Router */ = {
			isa = PBXGroup;
			children = (
				D04A23C1266E151B004DFC15 /* NewsDetailRouter.swift */,
			);
			path = Router;
			sourceTree = "<group>";
		};
		D09FB1242661052200A923FC /* Presenter */ = {
			isa = PBXGroup;
			children = (
				D04A23C3266E1533004DFC15 /* NewsDetailPresenter.swift */,
			);
			path = Presenter;
			sourceTree = "<group>";
		};
		D09FB1282661149B00A923FC /* NewsDetail */ = {
			isa = PBXGroup;
			children = (
				D09FB13626640B0000A923FC /* Contract */,
				D09FB1232661050900A923FC /* Router */,
				D09FB1222661050100A923FC /* Entities */,
				D09FB1242661052200A923FC /* Presenter */,
				D09FB121266104F300A923FC /* Interactor */,
				D09FB120266104A400A923FC /* View */,
			);
			path = NewsDetail;
			sourceTree = "<group>";
		};
		D09FB129266114BC00A923FC /* Module */ = {
			isa = PBXGroup;
			children = (
				B8993E4D26721DEC00A7AFD8 /* Login */,
				D04A23C726707F70004DFC15 /* Tab */,
				D09FB13026616F6A00A923FC /* Favorite */,
				D09FB1282661149B00A923FC /* NewsDetail */,
				D09FB11F2661047D00A923FC /* Home */,
			);
			path = Module;
			sourceTree = "<group>";
		};
		D09FB12A266114DC00A923FC /* View */ = {
			isa = PBXGroup;
			children = (
				D04A997F25FE1093000822EF /* Cell */,
				D00A2738267094DC0015D59D /* HomeViewController.swift */,
				D00A2739267094DC0015D59D /* HomeViewController.xib */,
			);
			path = View;
			sourceTree = "<group>";
		};
		D09FB12B266114E200A923FC /* Interactor */ = {
			isa = PBXGroup;
			children = (
				D09FB13E26648D3100A923FC /* HomeInteractor.swift */,
			);
			path = Interactor;
			sourceTree = "<group>";
		};
		D09FB12C266114EB00A923FC /* Presenter */ = {
			isa = PBXGroup;
			children = (
				D09FB13C26648D2500A923FC /* HomePresenter.swift */,
			);
			path = Presenter;
			sourceTree = "<group>";
		};
		D09FB12D266114F200A923FC /* Entities */ = {
			isa = PBXGroup;
			children = (
				D074EFDF25FE11AD009B96E8 /* News.swift */,
				D074EFE425FE1638009B96E8 /* NewsViewModel.swift */,
			);
			path = Entities;
			sourceTree = "<group>";
		};
		D09FB12E266114F800A923FC /* Router */ = {
			isa = PBXGroup;
			children = (
				D09FB13A26648D1500A923FC /* HomeRouter.swift */,
			);
			path = Router;
			sourceTree = "<group>";
		};
		D09FB13026616F6A00A923FC /* Favorite */ = {
			isa = PBXGroup;
			children = (
				D09FB13526616FD300A923FC /* Router */,
				D09FB13426616FB400A923FC /* Entities */,
				D09FB13326616FA500A923FC /* Presenter */,
				D09FB13226616F9600A923FC /* Interactor */,
				D09FB13126616F8C00A923FC /* VIew */,
			);
			path = Favorite;
			sourceTree = "<group>";
		};
		D09FB13126616F8C00A923FC /* VIew */ = {
			isa = PBXGroup;
			children = (
				D0C5741025FFBFFA00FE3BB6 /* FavoriteViewController.swift */,
				D0C5741125FFBFFA00FE3BB6 /* FavoriteViewController.xib */,
			);
			path = VIew;
			sourceTree = "<group>";
		};
		D09FB13226616F9600A923FC /* Interactor */ = {
			isa = PBXGroup;
			children = (
			);
			path = Interactor;
			sourceTree = "<group>";
		};
		D09FB13326616FA500A923FC /* Presenter */ = {
			isa = PBXGroup;
			children = (
			);
			path = Presenter;
			sourceTree = "<group>";
		};
		D09FB13426616FB400A923FC /* Entities */ = {
			isa = PBXGroup;
			children = (
			);
			path = Entities;
			sourceTree = "<group>";
		};
		D09FB13526616FD300A923FC /* Router */ = {
			isa = PBXGroup;
			children = (
			);
			path = Router;
			sourceTree = "<group>";
		};
		D09FB13626640B0000A923FC /* Contract */ = {
			isa = PBXGroup;
			children = (
				D04A23BF266E1507004DFC15 /* NewsDetailContract.swift */,
			);
			path = Contract;
			sourceTree = "<group>";
		};
		D09FB13726640B1700A923FC /* Contract */ = {
			isa = PBXGroup;
			children = (
				D09FB13826640B3C00A923FC /* HomeContract.swift */,
			);
			path = Contract;
			sourceTree = "<group>";
		};
		D0C279D225FE377D00F33BFD /* Utils */ = {
			isa = PBXGroup;
			children = (
				B8993E5B2676EF9700A7AFD8 /* FieldValidator */,
				D0C279D325FE379600F33BFD /* ApiKey.swift */,
				D0C27ADD25FF8F9600F33BFD /* ButtonUtils.swift */,
				D0C27AE225FFA29D00F33BFD /* UserDefaultUtils.swift */,
				D04B023A26676BCF00660087 /* AlertUtils.swift */,
				B8E9054E2689E0B700E06D9C /* StringUtlis.swift */,
			);
			path = Utils;
			sourceTree = "<group>";
		};
		D0C279E025FE394C00F33BFD /* Routes */ = {
			isa = PBXGroup;
			children = (
				D0C279E125FE396600F33BFD /* NewsRoutes.swift */,
			);
			path = Routes;
			sourceTree = "<group>";
		};
		D0C27A2B25FE71CC00F33BFD /* Collection */ = {
			isa = PBXGroup;
			children = (
				D0C27A3625FE757600F33BFD /* NewsDetailCollectionViewCell.swift */,
				D0C27A3725FE757600F33BFD /* NewsDetailCollectionViewCell.xib */,
			);
			path = Collection;
			sourceTree = "<group>";
		};
/* End PBXGroup section */

/* Begin PBXNativeTarget section */
		D04A994125FE0E3D000822EF /* NewsApp */ = {
			isa = PBXNativeTarget;
			buildConfigurationList = D04A996C25FE0E3E000822EF /* Build configuration list for PBXNativeTarget "NewsApp" */;
			buildPhases = (
				0C385F2ECF234039EBCB743E /* [CP] Check Pods Manifest.lock */,
				D04A993E25FE0E3D000822EF /* Sources */,
				D04A993F25FE0E3D000822EF /* Frameworks */,
				D04A994025FE0E3D000822EF /* Resources */,
				7D6A9A23BF0A9FEC55C38DAB /* [CP] Embed Pods Frameworks */,
				D09FB12F2661167600A923FC /* ShellScript */,
			);
			buildRules = (
			);
			dependencies = (
			);
			name = NewsApp;
			productName = NewsApp;
			productReference = D04A994225FE0E3D000822EF /* NewsApp.app */;
			productType = "com.apple.product-type.application";
		};
		D04A995725FE0E3E000822EF /* NewsAppTests */ = {
			isa = PBXNativeTarget;
			buildConfigurationList = D04A996F25FE0E3E000822EF /* Build configuration list for PBXNativeTarget "NewsAppTests" */;
			buildPhases = (
				7939538B3D33160A214902AF /* [CP] Check Pods Manifest.lock */,
				D04A995425FE0E3E000822EF /* Sources */,
				D04A995525FE0E3E000822EF /* Frameworks */,
				D04A995625FE0E3E000822EF /* Resources */,
			);
			buildRules = (
			);
			dependencies = (
				D04A995A25FE0E3E000822EF /* PBXTargetDependency */,
			);
			name = NewsAppTests;
			productName = NewsAppTests;
			productReference = D04A995825FE0E3E000822EF /* NewsAppTests.xctest */;
			productType = "com.apple.product-type.bundle.unit-test";
		};
		D04A996225FE0E3E000822EF /* NewsAppUITests */ = {
			isa = PBXNativeTarget;
			buildConfigurationList = D04A997225FE0E3E000822EF /* Build configuration list for PBXNativeTarget "NewsAppUITests" */;
			buildPhases = (
				9B5C058E44D141740DFDDB07 /* [CP] Check Pods Manifest.lock */,
				D04A995F25FE0E3E000822EF /* Sources */,
				D04A996025FE0E3E000822EF /* Frameworks */,
				D04A996125FE0E3E000822EF /* Resources */,
			);
			buildRules = (
			);
			dependencies = (
				D04A996525FE0E3E000822EF /* PBXTargetDependency */,
			);
			name = NewsAppUITests;
			productName = NewsAppUITests;
			productReference = D04A996325FE0E3E000822EF /* NewsAppUITests.xctest */;
			productType = "com.apple.product-type.bundle.ui-testing";
		};
/* End PBXNativeTarget section */

/* Begin PBXProject section */
		D04A993A25FE0E3D000822EF /* Project object */ = {
			isa = PBXProject;
			attributes = {
				LastSwiftUpdateCheck = 1240;
				LastUpgradeCheck = 1240;
				TargetAttributes = {
					D04A994125FE0E3D000822EF = {
						CreatedOnToolsVersion = 12.4;
					};
					D04A995725FE0E3E000822EF = {
						CreatedOnToolsVersion = 12.4;
						TestTargetID = D04A994125FE0E3D000822EF;
					};
					D04A996225FE0E3E000822EF = {
						CreatedOnToolsVersion = 12.4;
						TestTargetID = D04A994125FE0E3D000822EF;
					};
				};
			};
			buildConfigurationList = D04A993D25FE0E3D000822EF /* Build configuration list for PBXProject "NewsApp" */;
			compatibilityVersion = "Xcode 9.3";
			developmentRegion = en;
			hasScannedForEncodings = 0;
			knownRegions = (
				en,
				Base,
				id,
			);
			mainGroup = D04A993925FE0E3D000822EF;
			productRefGroup = D04A994325FE0E3D000822EF /* Products */;
			projectDirPath = "";
			projectRoot = "";
			targets = (
				D04A994125FE0E3D000822EF /* NewsApp */,
				D04A995725FE0E3E000822EF /* NewsAppTests */,
				D04A996225FE0E3E000822EF /* NewsAppUITests */,
			);
		};
/* End PBXProject section */

/* Begin PBXResourcesBuildPhase section */
		D04A994025FE0E3D000822EF /* Resources */ = {
			isa = PBXResourcesBuildPhase;
			buildActionMask = 2147483647;
			files = (
				B8993E5226721E6800A7AFD8 /* LoginViewController.xib in Resources */,
				D0C27A3925FE757600F33BFD /* NewsDetailCollectionViewCell.xib in Resources */,
				D04A995225FE0E3E000822EF /* LaunchScreen.storyboard in Resources */,
				D04A23CB26707FD9004DFC15 /* TabViewController.xib in Resources */,
				D074EFED25FE177F009B96E8 /* NewsDetailViewController.xib in Resources */,
				B8E905522689E3E700E06D9C /* Localizable.strings in Resources */,
				D0C5741325FFBFFA00FE3BB6 /* FavoriteViewController.xib in Resources */,
				D04A994F25FE0E3E000822EF /* Assets.xcassets in Resources */,
				D00A273B267094DD0015D59D /* HomeViewController.xib in Resources */,
				D04A998325FE10C4000822EF /* NewsListTableViewCell.xib in Resources */,
			);
			runOnlyForDeploymentPostprocessing = 0;
		};
		D04A995625FE0E3E000822EF /* Resources */ = {
			isa = PBXResourcesBuildPhase;
			buildActionMask = 2147483647;
			files = (
			);
			runOnlyForDeploymentPostprocessing = 0;
		};
		D04A996125FE0E3E000822EF /* Resources */ = {
			isa = PBXResourcesBuildPhase;
			buildActionMask = 2147483647;
			files = (
			);
			runOnlyForDeploymentPostprocessing = 0;
		};
/* End PBXResourcesBuildPhase section */

/* Begin PBXShellScriptBuildPhase section */
		0C385F2ECF234039EBCB743E /* [CP] Check Pods Manifest.lock */ = {
			isa = PBXShellScriptBuildPhase;
			buildActionMask = 2147483647;
			files = (
			);
			inputFileListPaths = (
			);
			inputPaths = (
				"${PODS_PODFILE_DIR_PATH}/Podfile.lock",
				"${PODS_ROOT}/Manifest.lock",
			);
			name = "[CP] Check Pods Manifest.lock";
			outputFileListPaths = (
			);
			outputPaths = (
				"$(DERIVED_FILE_DIR)/Pods-NewsApp-checkManifestLockResult.txt",
			);
			runOnlyForDeploymentPostprocessing = 0;
			shellPath = /bin/sh;
			shellScript = "diff \"${PODS_PODFILE_DIR_PATH}/Podfile.lock\" \"${PODS_ROOT}/Manifest.lock\" > /dev/null\nif [ $? != 0 ] ; then\n    # print error to STDERR\n    echo \"error: The sandbox is not in sync with the Podfile.lock. Run 'pod install' or update your CocoaPods installation.\" >&2\n    exit 1\nfi\n# This output is used by Xcode 'outputs' to avoid re-running this script phase.\necho \"SUCCESS\" > \"${SCRIPT_OUTPUT_FILE_0}\"\n";
			showEnvVarsInLog = 0;
		};
		7939538B3D33160A214902AF /* [CP] Check Pods Manifest.lock */ = {
			isa = PBXShellScriptBuildPhase;
			buildActionMask = 2147483647;
			files = (
			);
			inputFileListPaths = (
			);
			inputPaths = (
				"${PODS_PODFILE_DIR_PATH}/Podfile.lock",
				"${PODS_ROOT}/Manifest.lock",
			);
			name = "[CP] Check Pods Manifest.lock";
			outputFileListPaths = (
			);
			outputPaths = (
				"$(DERIVED_FILE_DIR)/Pods-NewsAppTests-checkManifestLockResult.txt",
			);
			runOnlyForDeploymentPostprocessing = 0;
			shellPath = /bin/sh;
			shellScript = "diff \"${PODS_PODFILE_DIR_PATH}/Podfile.lock\" \"${PODS_ROOT}/Manifest.lock\" > /dev/null\nif [ $? != 0 ] ; then\n    # print error to STDERR\n    echo \"error: The sandbox is not in sync with the Podfile.lock. Run 'pod install' or update your CocoaPods installation.\" >&2\n    exit 1\nfi\n# This output is used by Xcode 'outputs' to avoid re-running this script phase.\necho \"SUCCESS\" > \"${SCRIPT_OUTPUT_FILE_0}\"\n";
			showEnvVarsInLog = 0;
		};
		7D6A9A23BF0A9FEC55C38DAB /* [CP] Embed Pods Frameworks */ = {
			isa = PBXShellScriptBuildPhase;
			buildActionMask = 2147483647;
			files = (
			);
			inputFileListPaths = (
				"${PODS_ROOT}/Target Support Files/Pods-NewsApp/Pods-NewsApp-frameworks-${CONFIGURATION}-input-files.xcfilelist",
			);
			name = "[CP] Embed Pods Frameworks";
			outputFileListPaths = (
				"${PODS_ROOT}/Target Support Files/Pods-NewsApp/Pods-NewsApp-frameworks-${CONFIGURATION}-output-files.xcfilelist",
			);
			runOnlyForDeploymentPostprocessing = 0;
			shellPath = /bin/sh;
			shellScript = "\"${PODS_ROOT}/Target Support Files/Pods-NewsApp/Pods-NewsApp-frameworks.sh\"\n";
			showEnvVarsInLog = 0;
		};
		9B5C058E44D141740DFDDB07 /* [CP] Check Pods Manifest.lock */ = {
			isa = PBXShellScriptBuildPhase;
			buildActionMask = 2147483647;
			files = (
			);
			inputFileListPaths = (
			);
			inputPaths = (
				"${PODS_PODFILE_DIR_PATH}/Podfile.lock",
				"${PODS_ROOT}/Manifest.lock",
			);
			name = "[CP] Check Pods Manifest.lock";
			outputFileListPaths = (
			);
			outputPaths = (
				"$(DERIVED_FILE_DIR)/Pods-NewsAppUITests-checkManifestLockResult.txt",
			);
			runOnlyForDeploymentPostprocessing = 0;
			shellPath = /bin/sh;
			shellScript = "diff \"${PODS_PODFILE_DIR_PATH}/Podfile.lock\" \"${PODS_ROOT}/Manifest.lock\" > /dev/null\nif [ $? != 0 ] ; then\n    # print error to STDERR\n    echo \"error: The sandbox is not in sync with the Podfile.lock. Run 'pod install' or update your CocoaPods installation.\" >&2\n    exit 1\nfi\n# This output is used by Xcode 'outputs' to avoid re-running this script phase.\necho \"SUCCESS\" > \"${SCRIPT_OUTPUT_FILE_0}\"\n";
			showEnvVarsInLog = 0;
		};
		D09FB12F2661167600A923FC /* ShellScript */ = {
			isa = PBXShellScriptBuildPhase;
			buildActionMask = 2147483647;
			files = (
			);
			inputFileListPaths = (
			);
			inputPaths = (
			);
			outputFileListPaths = (
			);
			outputPaths = (
			);
			runOnlyForDeploymentPostprocessing = 0;
			shellPath = /bin/sh;
			shellScript = "\"${PODS_ROOT}/SwiftLint/swiftlint\"\n";
		};
/* End PBXShellScriptBuildPhase section */

/* Begin PBXSourcesBuildPhase section */
		D04A993E25FE0E3D000822EF /* Sources */ = {
			isa = PBXSourcesBuildPhase;
			buildActionMask = 2147483647;
			files = (
				B8993E652676F1E400A7AFD8 /* PasswordRule.swift in Sources */,
				B8993E5126721E6800A7AFD8 /* LoginViewController.swift in Sources */,
				D0C27A3825FE757600F33BFD /* NewsDetailCollectionViewCell.swift in Sources */,
				B8993E612676F10900A7AFD8 /* MinimumLengthRule.swift in Sources */,
				B8993E682676F56000A7AFD8 /* FieldValidateable.swift in Sources */,
				D04A23C2266E151B004DFC15 /* NewsDetailRouter.swift in Sources */,
				B8993E5F2676F01700A7AFD8 /* RequiredRule.swift in Sources */,
				D074EFE525FE1638009B96E8 /* NewsViewModel.swift in Sources */,
				D04A23CA26707FD9004DFC15 /* TabViewController.swift in Sources */,
				B8993E6C26772B9200A7AFD8 /* NewsRouter.swift in Sources */,
				D09FB13F26648D3100A923FC /* HomeInteractor.swift in Sources */,
				D0C279D425FE379600F33BFD /* ApiKey.swift in Sources */,
				D04A994625FE0E3D000822EF /* AppDelegate.swift in Sources */,
				D0C27A2425FE64F100F33BFD /* LocaleString.swift in Sources */,
				D0C5741225FFBFFA00FE3BB6 /* FavoriteViewController.swift in Sources */,
				D09FB13B26648D1600A923FC /* HomeRouter.swift in Sources */,
				D09FB13926640B3C00A923FC /* HomeContract.swift in Sources */,
				D074EFEC25FE177F009B96E8 /* NewsDetailViewController.swift in Sources */,
				D04A23C0266E1507004DFC15 /* NewsDetailContract.swift in Sources */,
				D00A273A267094DD0015D59D /* HomeViewController.swift in Sources */,
				D04B023B26676BCF00660087 /* AlertUtils.swift in Sources */,
				B8993E5426721ED800A7AFD8 /* LoginInteractor.swift in Sources */,
				B8993E632676F1CB00A7AFD8 /* EmailRule.swift in Sources */,
				D04A998225FE10C4000822EF /* NewsListTableViewCell.swift in Sources */,
				B8993E5626721EEE00A7AFD8 /* LoginPresenter.swift in Sources */,
				B8993E5826721FAF00A7AFD8 /* LoginContract.swift in Sources */,
				D074EFE025FE11AD009B96E8 /* News.swift in Sources */,
				B8E9054F2689E0B700E06D9C /* StringUtlis.swift in Sources */,
				D0C27ADE25FF8F9700F33BFD /* ButtonUtils.swift in Sources */,
				D04A23C6266F292F004DFC15 /* NewsDetailInteractor.swift in Sources */,
				D0C279DC25FE38D400F33BFD /* NewsServices.swift in Sources */,
				D09FB13D26648D2500A923FC /* HomePresenter.swift in Sources */,
				D0C279E225FE396600F33BFD /* NewsRoutes.swift in Sources */,
				D04A23C4266E1533004DFC15 /* NewsDetailPresenter.swift in Sources */,
				D0C27AE325FFA29D00F33BFD /* UserDefaultUtils.swift in Sources */,
				D0C27A3E25FE7CD300F33BFD /* NewsDetailViewModel.swift in Sources */,
				B8993E5D2676EFCB00A7AFD8 /* Rule.swift in Sources */,
				D04A994825FE0E3D000822EF /* SceneDelegate.swift in Sources */,
				B8993E5A2672200100A7AFD8 /* LoginWireframe.swift in Sources */,
			);
			runOnlyForDeploymentPostprocessing = 0;
		};
		D04A995425FE0E3E000822EF /* Sources */ = {
			isa = PBXSourcesBuildPhase;
			buildActionMask = 2147483647;
			files = (
				D04B02432668A28000660087 /* HomePresenterTest.swift in Sources */,
				D04B02452669405C00660087 /* HomeRouterTest.swift in Sources */,
				D04A995D25FE0E3E000822EF /* NewsAppTests.swift in Sources */,
				D04B02412668932600660087 /* HomeInteractorTest.swift in Sources */,
				B8993E6F26773B8100A7AFD8 /* LoginPresenterTest.swift in Sources */,
			);
			runOnlyForDeploymentPostprocessing = 0;
		};
		D04A995F25FE0E3E000822EF /* Sources */ = {
			isa = PBXSourcesBuildPhase;
			buildActionMask = 2147483647;
			files = (
				D04A996825FE0E3E000822EF /* NewsAppUITests.swift in Sources */,
			);
			runOnlyForDeploymentPostprocessing = 0;
		};
/* End PBXSourcesBuildPhase section */

/* Begin PBXTargetDependency section */
		D04A995A25FE0E3E000822EF /* PBXTargetDependency */ = {
			isa = PBXTargetDependency;
			target = D04A994125FE0E3D000822EF /* NewsApp */;
			targetProxy = D04A995925FE0E3E000822EF /* PBXContainerItemProxy */;
		};
		D04A996525FE0E3E000822EF /* PBXTargetDependency */ = {
			isa = PBXTargetDependency;
			target = D04A994125FE0E3D000822EF /* NewsApp */;
			targetProxy = D04A996425FE0E3E000822EF /* PBXContainerItemProxy */;
		};
/* End PBXTargetDependency section */

/* Begin PBXVariantGroup section */
		B8E905542689E3E700E06D9C /* Localizable.strings */ = {
			isa = PBXVariantGroup;
			children = (
				B8E905532689E3E700E06D9C /* en */,
				B8E905552689E42B00E06D9C /* id */,
			);
			name = Localizable.strings;
			sourceTree = "<group>";
		};
		D04A995025FE0E3E000822EF /* LaunchScreen.storyboard */ = {
			isa = PBXVariantGroup;
			children = (
				D04A995125FE0E3E000822EF /* Base */,
			);
			name = LaunchScreen.storyboard;
			sourceTree = "<group>";
		};
/* End PBXVariantGroup section */

/* Begin XCBuildConfiguration section */
		D04A996A25FE0E3E000822EF /* Debug */ = {
			isa = XCBuildConfiguration;
			baseConfigurationReference = D0C279CB25FE35D100F33BFD /* Config.xcconfig */;
			buildSettings = {
				ALWAYS_EMBED_SWIFT_STANDARD_LIBRARIES = YES;
				ALWAYS_SEARCH_USER_PATHS = NO;
				CLANG_ANALYZER_LOCALIZABILITY_NONLOCALIZED = YES;
				CLANG_ANALYZER_NONNULL = YES;
				CLANG_ANALYZER_NUMBER_OBJECT_CONVERSION = YES_AGGRESSIVE;
				CLANG_CXX_LANGUAGE_STANDARD = "gnu++14";
				CLANG_CXX_LIBRARY = "libc++";
				CLANG_ENABLE_MODULES = YES;
				CLANG_ENABLE_OBJC_ARC = YES;
				CLANG_ENABLE_OBJC_WEAK = YES;
				CLANG_WARN_BLOCK_CAPTURE_AUTORELEASING = YES;
				CLANG_WARN_BOOL_CONVERSION = YES;
				CLANG_WARN_COMMA = YES;
				CLANG_WARN_CONSTANT_CONVERSION = YES;
				CLANG_WARN_DEPRECATED_OBJC_IMPLEMENTATIONS = YES;
				CLANG_WARN_DIRECT_OBJC_ISA_USAGE = YES_ERROR;
				CLANG_WARN_DOCUMENTATION_COMMENTS = YES;
				CLANG_WARN_EMPTY_BODY = YES;
				CLANG_WARN_ENUM_CONVERSION = YES;
				CLANG_WARN_INFINITE_RECURSION = YES;
				CLANG_WARN_INT_CONVERSION = YES;
				CLANG_WARN_NON_LITERAL_NULL_CONVERSION = YES;
				CLANG_WARN_OBJC_IMPLICIT_RETAIN_SELF = YES;
				CLANG_WARN_OBJC_LITERAL_CONVERSION = YES;
				CLANG_WARN_OBJC_ROOT_CLASS = YES_ERROR;
				CLANG_WARN_QUOTED_INCLUDE_IN_FRAMEWORK_HEADER = YES;
				CLANG_WARN_RANGE_LOOP_ANALYSIS = YES;
				CLANG_WARN_STRICT_PROTOTYPES = YES;
				CLANG_WARN_SUSPICIOUS_MOVE = YES;
				CLANG_WARN_UNGUARDED_AVAILABILITY = YES_AGGRESSIVE;
				CLANG_WARN_UNREACHABLE_CODE = YES;
				CLANG_WARN__DUPLICATE_METHOD_MATCH = YES;
				COPY_PHASE_STRIP = NO;
				DEBUG_INFORMATION_FORMAT = dwarf;
				ENABLE_STRICT_OBJC_MSGSEND = YES;
				ENABLE_TESTABILITY = YES;
				GCC_C_LANGUAGE_STANDARD = gnu11;
				GCC_DYNAMIC_NO_PIC = NO;
				GCC_NO_COMMON_BLOCKS = YES;
				GCC_OPTIMIZATION_LEVEL = 0;
				GCC_PREPROCESSOR_DEFINITIONS = (
					"DEBUG=1",
					"$(inherited)",
				);
				GCC_WARN_64_TO_32_BIT_CONVERSION = YES;
				GCC_WARN_ABOUT_RETURN_TYPE = YES_ERROR;
				GCC_WARN_UNDECLARED_SELECTOR = YES;
				GCC_WARN_UNINITIALIZED_AUTOS = YES_AGGRESSIVE;
				GCC_WARN_UNUSED_FUNCTION = YES;
				GCC_WARN_UNUSED_VARIABLE = YES;
				IPHONEOS_DEPLOYMENT_TARGET = 13.0;
				MTL_ENABLE_DEBUG_INFO = INCLUDE_SOURCE;
				MTL_FAST_MATH = YES;
				ONLY_ACTIVE_ARCH = YES;
				SDKROOT = iphoneos;
				SWIFT_ACTIVE_COMPILATION_CONDITIONS = DEBUG;
				SWIFT_OPTIMIZATION_LEVEL = "-Onone";
			};
			name = Debug;
		};
		D04A996B25FE0E3E000822EF /* Release */ = {
			isa = XCBuildConfiguration;
			baseConfigurationReference = D0C279CB25FE35D100F33BFD /* Config.xcconfig */;
			buildSettings = {
				ALWAYS_EMBED_SWIFT_STANDARD_LIBRARIES = YES;
				ALWAYS_SEARCH_USER_PATHS = NO;
				CLANG_ANALYZER_LOCALIZABILITY_NONLOCALIZED = YES;
				CLANG_ANALYZER_NONNULL = YES;
				CLANG_ANALYZER_NUMBER_OBJECT_CONVERSION = YES_AGGRESSIVE;
				CLANG_CXX_LANGUAGE_STANDARD = "gnu++14";
				CLANG_CXX_LIBRARY = "libc++";
				CLANG_ENABLE_MODULES = YES;
				CLANG_ENABLE_OBJC_ARC = YES;
				CLANG_ENABLE_OBJC_WEAK = YES;
				CLANG_WARN_BLOCK_CAPTURE_AUTORELEASING = YES;
				CLANG_WARN_BOOL_CONVERSION = YES;
				CLANG_WARN_COMMA = YES;
				CLANG_WARN_CONSTANT_CONVERSION = YES;
				CLANG_WARN_DEPRECATED_OBJC_IMPLEMENTATIONS = YES;
				CLANG_WARN_DIRECT_OBJC_ISA_USAGE = YES_ERROR;
				CLANG_WARN_DOCUMENTATION_COMMENTS = YES;
				CLANG_WARN_EMPTY_BODY = YES;
				CLANG_WARN_ENUM_CONVERSION = YES;
				CLANG_WARN_INFINITE_RECURSION = YES;
				CLANG_WARN_INT_CONVERSION = YES;
				CLANG_WARN_NON_LITERAL_NULL_CONVERSION = YES;
				CLANG_WARN_OBJC_IMPLICIT_RETAIN_SELF = YES;
				CLANG_WARN_OBJC_LITERAL_CONVERSION = YES;
				CLANG_WARN_OBJC_ROOT_CLASS = YES_ERROR;
				CLANG_WARN_QUOTED_INCLUDE_IN_FRAMEWORK_HEADER = YES;
				CLANG_WARN_RANGE_LOOP_ANALYSIS = YES;
				CLANG_WARN_STRICT_PROTOTYPES = YES;
				CLANG_WARN_SUSPICIOUS_MOVE = YES;
				CLANG_WARN_UNGUARDED_AVAILABILITY = YES_AGGRESSIVE;
				CLANG_WARN_UNREACHABLE_CODE = YES;
				CLANG_WARN__DUPLICATE_METHOD_MATCH = YES;
				COPY_PHASE_STRIP = NO;
				DEBUG_INFORMATION_FORMAT = "dwarf-with-dsym";
				ENABLE_NS_ASSERTIONS = NO;
				ENABLE_STRICT_OBJC_MSGSEND = YES;
				GCC_C_LANGUAGE_STANDARD = gnu11;
				GCC_NO_COMMON_BLOCKS = YES;
				GCC_WARN_64_TO_32_BIT_CONVERSION = YES;
				GCC_WARN_ABOUT_RETURN_TYPE = YES_ERROR;
				GCC_WARN_UNDECLARED_SELECTOR = YES;
				GCC_WARN_UNINITIALIZED_AUTOS = YES_AGGRESSIVE;
				GCC_WARN_UNUSED_FUNCTION = YES;
				GCC_WARN_UNUSED_VARIABLE = YES;
				IPHONEOS_DEPLOYMENT_TARGET = 13.0;
				MTL_ENABLE_DEBUG_INFO = NO;
				MTL_FAST_MATH = YES;
				SDKROOT = iphoneos;
				SWIFT_COMPILATION_MODE = wholemodule;
				SWIFT_OPTIMIZATION_LEVEL = "-O";
				VALIDATE_PRODUCT = YES;
			};
			name = Release;
		};
		D04A996D25FE0E3E000822EF /* Debug */ = {
			isa = XCBuildConfiguration;
			baseConfigurationReference = 1388B66722C414444CF06AD1 /* Pods-NewsApp.debug.xcconfig */;
			buildSettings = {
				ASSETCATALOG_COMPILER_APPICON_NAME = AppIcon;
				ASSETCATALOG_COMPILER_GLOBAL_ACCENT_COLOR_NAME = AccentColor;
				CODE_SIGN_STYLE = Automatic;
				DEVELOPMENT_TEAM = DBD2357J7Z;
				INFOPLIST_FILE = NewsApp/Info.plist;
				LD_RUNPATH_SEARCH_PATHS = (
					"$(inherited)",
					"@executable_path/Frameworks",
				);
				PRODUCT_BUNDLE_IDENTIFIER = com.xproject.NewsApp;
				PRODUCT_NAME = "$(TARGET_NAME)";
				SWIFT_VERSION = 5.0;
				TARGETED_DEVICE_FAMILY = "1,2";
			};
			name = Debug;
		};
		D04A996E25FE0E3E000822EF /* Release */ = {
			isa = XCBuildConfiguration;
			baseConfigurationReference = 68F8B5B9038A805564211A16 /* Pods-NewsApp.release.xcconfig */;
			buildSettings = {
				ASSETCATALOG_COMPILER_APPICON_NAME = AppIcon;
				ASSETCATALOG_COMPILER_GLOBAL_ACCENT_COLOR_NAME = AccentColor;
				CODE_SIGN_STYLE = Automatic;
				DEVELOPMENT_TEAM = DBD2357J7Z;
				INFOPLIST_FILE = NewsApp/Info.plist;
				LD_RUNPATH_SEARCH_PATHS = (
					"$(inherited)",
					"@executable_path/Frameworks",
				);
				PRODUCT_BUNDLE_IDENTIFIER = com.xproject.NewsApp;
				PRODUCT_NAME = "$(TARGET_NAME)";
				SWIFT_VERSION = 5.0;
				TARGETED_DEVICE_FAMILY = "1,2";
			};
			name = Release;
		};
		D04A997025FE0E3E000822EF /* Debug */ = {
			isa = XCBuildConfiguration;
			baseConfigurationReference = E68FD92019A7F0CA764AA2E9 /* Pods-NewsAppTests.debug.xcconfig */;
			buildSettings = {
				ALWAYS_EMBED_SWIFT_STANDARD_LIBRARIES = YES;
				BUNDLE_LOADER = "$(TEST_HOST)";
				CODE_SIGN_STYLE = Automatic;
				DEVELOPMENT_TEAM = DBD2357J7Z;
				INFOPLIST_FILE = NewsAppTests/Info.plist;
				IPHONEOS_DEPLOYMENT_TARGET = 14.4;
				LD_RUNPATH_SEARCH_PATHS = (
					"$(inherited)",
					"@executable_path/Frameworks",
					"@loader_path/Frameworks",
				);
				PRODUCT_BUNDLE_IDENTIFIER = com.xproject.NewsAppTests;
				PRODUCT_NAME = "$(TARGET_NAME)";
				SWIFT_VERSION = 5.0;
				TARGETED_DEVICE_FAMILY = "1,2";
				TEST_HOST = "$(BUILT_PRODUCTS_DIR)/NewsApp.app/NewsApp";
			};
			name = Debug;
		};
		D04A997125FE0E3E000822EF /* Release */ = {
			isa = XCBuildConfiguration;
			baseConfigurationReference = 658D26B454379B037041AD55 /* Pods-NewsAppTests.release.xcconfig */;
			buildSettings = {
				ALWAYS_EMBED_SWIFT_STANDARD_LIBRARIES = YES;
				BUNDLE_LOADER = "$(TEST_HOST)";
				CODE_SIGN_STYLE = Automatic;
				DEVELOPMENT_TEAM = DBD2357J7Z;
				INFOPLIST_FILE = NewsAppTests/Info.plist;
				IPHONEOS_DEPLOYMENT_TARGET = 14.4;
				LD_RUNPATH_SEARCH_PATHS = (
					"$(inherited)",
					"@executable_path/Frameworks",
					"@loader_path/Frameworks",
				);
				PRODUCT_BUNDLE_IDENTIFIER = com.xproject.NewsAppTests;
				PRODUCT_NAME = "$(TARGET_NAME)";
				SWIFT_VERSION = 5.0;
				TARGETED_DEVICE_FAMILY = "1,2";
				TEST_HOST = "$(BUILT_PRODUCTS_DIR)/NewsApp.app/NewsApp";
			};
			name = Release;
		};
		D04A997325FE0E3E000822EF /* Debug */ = {
			isa = XCBuildConfiguration;
			baseConfigurationReference = B5AFE13E8BA6624F32E782BD /* Pods-NewsAppUITests.debug.xcconfig */;
			buildSettings = {
				ALWAYS_EMBED_SWIFT_STANDARD_LIBRARIES = YES;
				CODE_SIGN_STYLE = Automatic;
				DEVELOPMENT_TEAM = DBD2357J7Z;
				INFOPLIST_FILE = NewsAppUITests/Info.plist;
				LD_RUNPATH_SEARCH_PATHS = (
					"$(inherited)",
					"@executable_path/Frameworks",
					"@loader_path/Frameworks",
				);
				PRODUCT_BUNDLE_IDENTIFIER = com.xproject.NewsAppUITests;
				PRODUCT_NAME = "$(TARGET_NAME)";
				SWIFT_VERSION = 5.0;
				TARGETED_DEVICE_FAMILY = "1,2";
				TEST_TARGET_NAME = NewsApp;
			};
			name = Debug;
		};
		D04A997425FE0E3E000822EF /* Release */ = {
			isa = XCBuildConfiguration;
			baseConfigurationReference = C05938C1310513A3485781C0 /* Pods-NewsAppUITests.release.xcconfig */;
			buildSettings = {
				ALWAYS_EMBED_SWIFT_STANDARD_LIBRARIES = YES;
				CODE_SIGN_STYLE = Automatic;
				DEVELOPMENT_TEAM = DBD2357J7Z;
				INFOPLIST_FILE = NewsAppUITests/Info.plist;
				LD_RUNPATH_SEARCH_PATHS = (
					"$(inherited)",
					"@executable_path/Frameworks",
					"@loader_path/Frameworks",
				);
				PRODUCT_BUNDLE_IDENTIFIER = com.xproject.NewsAppUITests;
				PRODUCT_NAME = "$(TARGET_NAME)";
				SWIFT_VERSION = 5.0;
				TARGETED_DEVICE_FAMILY = "1,2";
				TEST_TARGET_NAME = NewsApp;
			};
			name = Release;
		};
/* End XCBuildConfiguration section */

/* Begin XCConfigurationList section */
		D04A993D25FE0E3D000822EF /* Build configuration list for PBXProject "NewsApp" */ = {
			isa = XCConfigurationList;
			buildConfigurations = (
				D04A996A25FE0E3E000822EF /* Debug */,
				D04A996B25FE0E3E000822EF /* Release */,
			);
			defaultConfigurationIsVisible = 0;
			defaultConfigurationName = Release;
		};
		D04A996C25FE0E3E000822EF /* Build configuration list for PBXNativeTarget "NewsApp" */ = {
			isa = XCConfigurationList;
			buildConfigurations = (
				D04A996D25FE0E3E000822EF /* Debug */,
				D04A996E25FE0E3E000822EF /* Release */,
			);
			defaultConfigurationIsVisible = 0;
			defaultConfigurationName = Release;
		};
		D04A996F25FE0E3E000822EF /* Build configuration list for PBXNativeTarget "NewsAppTests" */ = {
			isa = XCConfigurationList;
			buildConfigurations = (
				D04A997025FE0E3E000822EF /* Debug */,
				D04A997125FE0E3E000822EF /* Release */,
			);
			defaultConfigurationIsVisible = 0;
			defaultConfigurationName = Release;
		};
		D04A997225FE0E3E000822EF /* Build configuration list for PBXNativeTarget "NewsAppUITests" */ = {
			isa = XCConfigurationList;
			buildConfigurations = (
				D04A997325FE0E3E000822EF /* Debug */,
				D04A997425FE0E3E000822EF /* Release */,
			);
			defaultConfigurationIsVisible = 0;
			defaultConfigurationName = Release;
		};
/* End XCConfigurationList section */
	};
	rootObject = D04A993A25FE0E3D000822EF /* Project object */;
}
